# This file is generated by running "yarn install" inside your project.
# Manual changes might be lost - proceed with caution!

__metadata:
  version: 4
  cacheKey: 8

"@babel/code-frame@npm:^7.10.4":
  version: 7.14.5
  resolution: "@babel/code-frame@npm:7.14.5::__archiveUrl=https%3A%2F%2Fregistry.npmjs.org%2F%40babel%2Fcode-frame%2F-%2Fcode-frame-7.14.5.tgz"
  dependencies:
    "@babel/highlight": ^7.14.5
  checksum: 0adbe4f8d91586f764f524e57631f582ab988b2ef504391a5d89db29bfaaf7c67c237798ed4a249b6a2d7135852cf94d3d07ce6b9739dd1df1f271d5ed069565
  languageName: node
  linkType: hard

"@babel/helper-validator-identifier@npm:^7.14.5":
  version: 7.14.9
  resolution: "@babel/helper-validator-identifier@npm:7.14.9::__archiveUrl=https%3A%2F%2Fregistry.npmjs.org%2F%40babel%2Fhelper-validator-identifier%2F-%2Fhelper-validator-identifier-7.14.9.tgz"
  checksum: 58552531a7674363e74672434c312ddaf1545b8a43308e1a7f38db58bf79c796c095a6dab6a6105eb0d783b97441f6cbb525bb887f29a35f232fcdbd8cb240dc
  languageName: node
  linkType: hard

"@babel/highlight@npm:^7.14.5":
  version: 7.14.5
  resolution: "@babel/highlight@npm:7.14.5::__archiveUrl=https%3A%2F%2Fregistry.npmjs.org%2F%40babel%2Fhighlight%2F-%2Fhighlight-7.14.5.tgz"
  dependencies:
    "@babel/helper-validator-identifier": ^7.14.5
    chalk: ^2.0.0
    js-tokens: ^4.0.0
  checksum: 4e4b22fb886c939551d73307de16232c186fdb4d8ec8f514541b058feaecdba5234788a0740ca5bcd28777f4108596c39ac4b7463684c63b3812f6071e3fb88f
  languageName: node
  linkType: hard

"@babel/runtime-corejs3@npm:^7.10.2":
  version: 7.15.3
  resolution: "@babel/runtime-corejs3@npm:7.15.3::__archiveUrl=https%3A%2F%2Fregistry.npmjs.org%2F%40babel%2Fruntime-corejs3%2F-%2Fruntime-corejs3-7.15.3.tgz"
  dependencies:
    core-js-pure: ^3.16.0
    regenerator-runtime: ^0.13.4
  checksum: c33952657d0bec71f46c7ea2595297f4fd61e68ebce812a7de4e3a9841d8ac6af61880049f72560fda9396a86de5b06e5ba6a6f11bd9cf688ec7f4b812730c8b
  languageName: node
  linkType: hard

"@babel/runtime@npm:7.12.18":
  version: 7.12.18
  resolution: "@babel/runtime@npm:7.12.18::__archiveUrl=https%3A%2F%2Fregistry.npmjs.org%2F%40babel%2Fruntime%2F-%2Fruntime-7.12.18.tgz"
  dependencies:
    regenerator-runtime: ^0.13.4
  checksum: 0ba38dc8d478584b0b5fb15fc2b7855f9f20561917bd434a66429d55d1165199d6161bc5fb087b87254712827f63561ff5196df66701e5647d67c7d0f557569a
  languageName: node
  linkType: hard

"@babel/runtime@npm:^7.10.2, @babel/runtime@npm:^7.12.5, @babel/runtime@npm:^7.3.1, @babel/runtime@npm:^7.4.4, @babel/runtime@npm:^7.5.5, @babel/runtime@npm:^7.8.3, @babel/runtime@npm:^7.8.7":
  version: 7.15.3
  resolution: "@babel/runtime@npm:7.15.3::__archiveUrl=https%3A%2F%2Fregistry.npmjs.org%2F%40babel%2Fruntime%2F-%2Fruntime-7.15.3.tgz"
  dependencies:
    regenerator-runtime: ^0.13.4
  checksum: 2f0b8d2d4e36035ab1d84af0ec26aafa098536870f27c8e07de0a0e398f7a394fdea68a88165535ffb52ded6a68912bdc3450bdf91f229eb132e1c89470789f5
  languageName: node
  linkType: hard

"@emotion/hash@npm:^0.8.0":
  version: 0.8.0
  resolution: "@emotion/hash@npm:0.8.0::__archiveUrl=https%3A%2F%2Fregistry.npmjs.org%2F%40emotion%2Fhash%2F-%2Fhash-0.8.0.tgz"
  checksum: 4b35d88a97e67275c1d990c96d3b0450451d089d1508619488fc0acb882cb1ac91e93246d471346ebd1b5402215941ef4162efe5b51534859b39d8b3a0e3ffaa
  languageName: node
  linkType: hard

"@jest/types@npm:^26.6.2":
  version: 26.6.2
  resolution: "@jest/types@npm:26.6.2::__archiveUrl=https%3A%2F%2Fregistry.npmjs.org%2F%40jest%2Ftypes%2F-%2Ftypes-26.6.2.tgz"
  dependencies:
    "@types/istanbul-lib-coverage": ^2.0.0
    "@types/istanbul-reports": ^3.0.0
    "@types/node": "*"
    "@types/yargs": ^15.0.0
    chalk: ^4.0.0
  checksum: a0bd3d2f22f26ddb23f41fddf6e6a30bf4fab2ce79ec1cb6ce6fdfaf90a72e00f4c71da91ec61e13db3b10c41de22cf49d07c57ff2b59171d64b29f909c1d8d6
  languageName: node
  linkType: hard

"@jest/types@npm:^27.1.0":
  version: 27.1.0
  resolution: "@jest/types@npm:27.1.0::__archiveUrl=https%3A%2F%2Fregistry.npmjs.org%2F%40jest%2Ftypes%2F-%2Ftypes-27.1.0.tgz"
  dependencies:
    "@types/istanbul-lib-coverage": ^2.0.0
    "@types/istanbul-reports": ^3.0.0
    "@types/node": "*"
    "@types/yargs": ^16.0.0
    chalk: ^4.0.0
  checksum: 11899aba8103e00332baab35eb7ed435e4e06b270d02ca75fc6ccf08e41f36abae7b25d623377da47596c3e817c102e79e99caf717e6ec8eb78a85fdaa439ee8
  languageName: node
  linkType: hard

"@material-ui/core@npm:4.12.3":
  version: 4.12.3
  resolution: "@material-ui/core@npm:4.12.3::__archiveUrl=https%3A%2F%2Fregistry.npmjs.org%2F%40material-ui%2Fcore%2F-%2Fcore-4.12.3.tgz"
  dependencies:
    "@babel/runtime": ^7.4.4
    "@material-ui/styles": ^4.11.4
    "@material-ui/system": ^4.12.1
    "@material-ui/types": 5.1.0
    "@material-ui/utils": ^4.11.2
    "@types/react-transition-group": ^4.2.0
    clsx: ^1.0.4
    hoist-non-react-statics: ^3.3.2
    popper.js: 1.16.1-lts
    prop-types: ^15.7.2
    react-is: ^16.8.0 || ^17.0.0
    react-transition-group: ^4.4.0
  peerDependencies:
    "@types/react": ^16.8.6 || ^17.0.0
    react: ^16.8.0 || ^17.0.0
    react-dom: ^16.8.0 || ^17.0.0
  peerDependenciesMeta:
    "@types/react":
      optional: true
  checksum: f0032b8c04883fa4aed66a949cde21f1df35c622fbab30b91cfe8fae9508729a4847db3843cba9b1c491466dd2100fddb9e691ffc6b86052a7986215dbb4f94c
  languageName: node
  linkType: hard

"@material-ui/styles@npm:^4.11.4":
  version: 4.11.4
  resolution: "@material-ui/styles@npm:4.11.4::__archiveUrl=https%3A%2F%2Fregistry.npmjs.org%2F%40material-ui%2Fstyles%2F-%2Fstyles-4.11.4.tgz"
  dependencies:
    "@babel/runtime": ^7.4.4
    "@emotion/hash": ^0.8.0
    "@material-ui/types": 5.1.0
    "@material-ui/utils": ^4.11.2
    clsx: ^1.0.4
    csstype: ^2.5.2
    hoist-non-react-statics: ^3.3.2
    jss: ^10.5.1
    jss-plugin-camel-case: ^10.5.1
    jss-plugin-default-unit: ^10.5.1
    jss-plugin-global: ^10.5.1
    jss-plugin-nested: ^10.5.1
    jss-plugin-props-sort: ^10.5.1
    jss-plugin-rule-value-function: ^10.5.1
    jss-plugin-vendor-prefixer: ^10.5.1
    prop-types: ^15.7.2
  peerDependencies:
    "@types/react": ^16.8.6 || ^17.0.0
    react: ^16.8.0 || ^17.0.0
    react-dom: ^16.8.0 || ^17.0.0
  peerDependenciesMeta:
    "@types/react":
      optional: true
  checksum: ef9abc486c74943df28a69d095ee07d752b17e27e70d6adede6cc368f0811529260bc509c664dff995763f02b5324594c98cf71f5d8981ea98dd25c0e2c1dd39
  languageName: node
  linkType: hard

"@material-ui/system@npm:^4.12.1":
  version: 4.12.1
  resolution: "@material-ui/system@npm:4.12.1::__archiveUrl=https%3A%2F%2Fregistry.npmjs.org%2F%40material-ui%2Fsystem%2F-%2Fsystem-4.12.1.tgz"
  dependencies:
    "@babel/runtime": ^7.4.4
    "@material-ui/utils": ^4.11.2
    csstype: ^2.5.2
    prop-types: ^15.7.2
  peerDependencies:
    "@types/react": ^16.8.6 || ^17.0.0
    react: ^16.8.0 || ^17.0.0
    react-dom: ^16.8.0 || ^17.0.0
  peerDependenciesMeta:
    "@types/react":
      optional: true
  checksum: 2acf20b43090c381530899e2fa85b0a774fc4dfe08aa97a55c8fd58f833175fd1cb17374ecc403f722c2db3b3caffd1fadd5dffe146a08d036bc6031d676659b
  languageName: node
  linkType: hard

"@material-ui/types@npm:5.1.0":
  version: 5.1.0
  resolution: "@material-ui/types@npm:5.1.0::__archiveUrl=https%3A%2F%2Fregistry.npmjs.org%2F%40material-ui%2Ftypes%2F-%2Ftypes-5.1.0.tgz"
  peerDependencies:
    "@types/react": "*"
  peerDependenciesMeta:
    "@types/react":
      optional: true
  checksum: 64ac0938ee6f48011ba596f7422ab0660d9a8d9b4f5f183b39bd63185b1ce724209f65580f0af686d59b524603ffa57418ca2d443b69bec894303f80779c61f8
  languageName: node
  linkType: hard

"@material-ui/utils@npm:^4.11.2":
  version: 4.11.2
  resolution: "@material-ui/utils@npm:4.11.2::__archiveUrl=https%3A%2F%2Fregistry.npmjs.org%2F%40material-ui%2Futils%2F-%2Futils-4.11.2.tgz"
  dependencies:
    "@babel/runtime": ^7.4.4
    prop-types: ^15.7.2
    react-is: ^16.8.0 || ^17.0.0
  peerDependencies:
    react: ^16.8.0 || ^17.0.0
    react-dom: ^16.8.0 || ^17.0.0
  checksum: 30e15b197c52bb607ba2f00293acbda66388427560e30f5dd82714dee69f565cf0896baa98f869b191a881e14e0df08155fd9d598b356ac2262b8e60e43a5499
  languageName: node
  linkType: hard

"@testing-library/dom@npm:^8.0.0":
  version: 8.2.0
  resolution: "@testing-library/dom@npm:8.2.0::__archiveUrl=https%3A%2F%2Fregistry.npmjs.org%2F%40testing-library%2Fdom%2F-%2Fdom-8.2.0.tgz"
  dependencies:
    "@babel/code-frame": ^7.10.4
    "@babel/runtime": ^7.12.5
    "@types/aria-query": ^4.2.0
    aria-query: ^4.2.2
    chalk: ^4.1.0
    dom-accessibility-api: ^0.5.6
    lz-string: ^1.4.4
    pretty-format: ^27.0.2
  checksum: e631d2fe0490dd7ed193ea631541708656f9b4e6054a7ec0c6617f7fb0bf01b414dac63821f04bc9cd4eb3f573a2be69a4dd493b64db725962c9f1c1858f204d
  languageName: node
  linkType: hard

"@testing-library/react@npm:12.0.0":
  version: 12.0.0
  resolution: "@testing-library/react@npm:12.0.0::__archiveUrl=https%3A%2F%2Fregistry.npmjs.org%2F%40testing-library%2Freact%2F-%2Freact-12.0.0.tgz"
  dependencies:
    "@babel/runtime": ^7.12.5
    "@testing-library/dom": ^8.0.0
  peerDependencies:
    react: "*"
    react-dom: "*"
  checksum: 07f0ba4092f7cd3232c2c61329353b2f2fa65388fc58666780be80f99f75daaf897a09a9897ac53f213d7b2d57e3cecb8127fd940da8cfd4275fa4a281e5b32c
  languageName: node
  linkType: hard

"@types/aria-query@npm:^4.2.0":
  version: 4.2.2
  resolution: "@types/aria-query@npm:4.2.2::__archiveUrl=https%3A%2F%2Fregistry.npmjs.org%2F%40types%2Faria-query%2F-%2Faria-query-4.2.2.tgz"
  checksum: 6f2ce11d91e2d665f3873258db19da752d91d85d3679eb5efcdf9c711d14492287e1e4eb52613b28e60375841a9e428594e745b68436c963d8bad4bf72188df3
  languageName: node
  linkType: hard

"@types/istanbul-lib-coverage@npm:*, @types/istanbul-lib-coverage@npm:^2.0.0":
  version: 2.0.3
  resolution: "@types/istanbul-lib-coverage@npm:2.0.3::__archiveUrl=https%3A%2F%2Fregistry.npmjs.org%2F%40types%2Fistanbul-lib-coverage%2F-%2Fistanbul-lib-coverage-2.0.3.tgz"
  checksum: 0650cba4be8f464bee89b9de0b71a5ea3b5cc676ce24e1196b5d6a51542ce9e613ae4549bf19756bb33dbbbb32b47931040266100062bfb197c597d73e341eb0
  languageName: node
  linkType: hard

"@types/istanbul-lib-report@npm:*":
  version: 3.0.0
  resolution: "@types/istanbul-lib-report@npm:3.0.0::__archiveUrl=https%3A%2F%2Fregistry.npmjs.org%2F%40types%2Fistanbul-lib-report%2F-%2Fistanbul-lib-report-3.0.0.tgz"
  dependencies:
    "@types/istanbul-lib-coverage": "*"
  checksum: 656398b62dc288e1b5226f8880af98087233cdb90100655c989a09f3052b5775bf98ba58a16c5ae642fb66c61aba402e07a9f2bff1d1569e3b306026c59f3f36
  languageName: node
  linkType: hard

"@types/istanbul-reports@npm:^3.0.0":
  version: 3.0.1
  resolution: "@types/istanbul-reports@npm:3.0.1::__archiveUrl=https%3A%2F%2Fregistry.npmjs.org%2F%40types%2Fistanbul-reports%2F-%2Fistanbul-reports-3.0.1.tgz"
  dependencies:
    "@types/istanbul-lib-report": "*"
  checksum: f1ad54bc68f37f60b30c7915886b92f86b847033e597f9b34f2415acdbe5ed742fa559a0a40050d74cdba3b6a63c342cac1f3a64dba5b68b66a6941f4abd7903
  languageName: node
  linkType: hard

"@types/jest@npm:*":
  version: 27.0.1
  resolution: "@types/jest@npm:27.0.1::__archiveUrl=https%3A%2F%2Fregistry.npmjs.org%2F%40types%2Fjest%2F-%2Fjest-27.0.1.tgz"
  dependencies:
    jest-diff: ^27.0.0
    pretty-format: ^27.0.0
  checksum: 972aaae341b83eb608970c93295282f1f9edc056dc8123635456cbaced822702673118d60279c7b889300e7c9a0726c3674d701115915e2e1967db09542389c2
  languageName: node
  linkType: hard

"@types/jest@npm:^26.0.0":
  version: 26.0.24
  resolution: "@types/jest@npm:26.0.24::__archiveUrl=https%3A%2F%2Fregistry.npmjs.org%2F%40types%2Fjest%2F-%2Fjest-26.0.24.tgz"
  dependencies:
    jest-diff: ^26.0.0
    pretty-format: ^26.0.0
  checksum: ae39675412f08d884926254e9b12bfd2b5a4e4d204c94d3148cb942174a474930d0c60540133c968f22241d4712b7940c96cbc883096eb326a4d5b206fb78bd0
  languageName: node
  linkType: hard

"@types/node@npm:*":
  version: 16.7.10
  resolution: "@types/node@npm:16.7.10::__archiveUrl=https%3A%2F%2Fregistry.npmjs.org%2F%40types%2Fnode%2F-%2Fnode-16.7.10.tgz"
  checksum: 0518803caa1a14f4070e770a280eda1c4b4581a425cbda481cdd54b1f34a7ea497ff067fd23b90e3d4f4fdcfba15c1316182875e9cf9f5b2e880de1e595de053
  languageName: node
  linkType: hard

"@types/node@npm:12.20.4":
  version: 12.20.4
  resolution: "@types/node@npm:12.20.4::__archiveUrl=https%3A%2F%2Fregistry.npmjs.org%2F%40types%2Fnode%2F-%2Fnode-12.20.4.tgz"
  checksum: 30f1f5d8159fcb968206706f0f943167731f3d0763602571af29676b1afdcfe3b41524442cacdee3853a456dcd11d0e3ab2bf28b6821dfa2749a4b393fe7b510
  languageName: node
  linkType: hard

"@types/prop-types@npm:*":
  version: 15.7.4
  resolution: "@types/prop-types@npm:15.7.4::__archiveUrl=https%3A%2F%2Fregistry.npmjs.org%2F%40types%2Fprop-types%2F-%2Fprop-types-15.7.4.tgz"
  checksum: ef6e1899e59b876c273811b1bd845022fc66d5a3d11cb38a25b6c566b30514ae38fe20a40f67622f362a4f4f7f9224e22d8da101cff3d6e97e11d7b4c307cfc1
  languageName: node
  linkType: hard

"@types/react-dom@npm:^17.0.5":
  version: 17.0.9
  resolution: "@types/react-dom@npm:17.0.9::__archiveUrl=https%3A%2F%2Fregistry.npmjs.org%2F%40types%2Freact-dom%2F-%2Freact-dom-17.0.9.tgz"
  dependencies:
    "@types/react": "*"
  checksum: b7e898e1a22643a371f58e801a3d1d8cf13a82d77063c24be73e840ef8d877ca1d04adc5db168d0dac3167dc050a26b1d70efc5fe8566a7f46a3c488a8322989
  languageName: node
  linkType: hard

"@types/react-transition-group@npm:^4.2.0":
  version: 4.4.2
  resolution: "@types/react-transition-group@npm:4.4.2::__archiveUrl=https%3A%2F%2Fregistry.npmjs.org%2F%40types%2Freact-transition-group%2F-%2Freact-transition-group-4.4.2.tgz"
  dependencies:
    "@types/react": "*"
  checksum: 35523ef25ae5bbf68793a52e9b996f8c7c337e0d10650bc964c26929547b062509c955f55e76651bcf604560594783f60c4bfcee290a263845f9e43eb0ab0d1e
  languageName: node
  linkType: hard

"@types/react@npm:*, @types/react@npm:^17.0.8":
  version: 17.0.19
  resolution: "@types/react@npm:17.0.19::__archiveUrl=https%3A%2F%2Fregistry.npmjs.org%2F%40types%2Freact%2F-%2Freact-17.0.19.tgz"
  dependencies:
    "@types/prop-types": "*"
    "@types/scheduler": "*"
    csstype: ^3.0.2
  checksum: d5af52623dd863e5a9f64eb72979f19c21e03012e25ee93adc93f664ed7976e81b654128dc653b225ad5ba2aaae24e0febe37face272bb051d6289e23ed7177d
  languageName: node
  linkType: hard

"@types/scheduler@npm:*":
  version: 0.16.2
  resolution: "@types/scheduler@npm:0.16.2::__archiveUrl=https%3A%2F%2Fregistry.npmjs.org%2F%40types%2Fscheduler%2F-%2Fscheduler-0.16.2.tgz"
  checksum: b6b4dcfeae6deba2e06a70941860fb1435730576d3689225a421280b7742318d1548b3d22c1f66ab68e414f346a9542f29240bc955b6332c5b11e561077583bc
  languageName: node
  linkType: hard

"@types/testing-library__jest-dom@npm:5.9.5":
  version: 5.9.5
  resolution: "@types/testing-library__jest-dom@npm:5.9.5::__archiveUrl=https%3A%2F%2Fregistry.npmjs.org%2F%40types%2Ftesting-library__jest-dom%2F-%2Ftesting-library__jest-dom-5.9.5.tgz"
  dependencies:
    "@types/jest": "*"
  checksum: f2ed81103acb52d54f992d826e3854551294618628997dc01f8955efd8c1d476d64715b79187371b09ec3e61e44cc10a7ffe1e427d1bda798552f83d18309056
  languageName: node
  linkType: hard

"@types/yargs-parser@npm:*":
  version: 20.2.1
  resolution: "@types/yargs-parser@npm:20.2.1::__archiveUrl=https%3A%2F%2Fregistry.npmjs.org%2F%40types%2Fyargs-parser%2F-%2Fyargs-parser-20.2.1.tgz"
  checksum: 1d039e64494a7a61ddd278349a3dc60b19f99ff0517425696e796f794e4252452b9d62178e69755ad03f439f9dc0c8c3d7b3a1201b3a24e134bac1a09fa11eaa
  languageName: node
  linkType: hard

"@types/yargs@npm:^15.0.0":
  version: 15.0.14
  resolution: "@types/yargs@npm:15.0.14::__archiveUrl=https%3A%2F%2Fregistry.npmjs.org%2F%40types%2Fyargs%2F-%2Fyargs-15.0.14.tgz"
  dependencies:
    "@types/yargs-parser": "*"
  checksum: 8e358aeb8f0c3758e59e2b8fcfdee5627ab2fe3d92f50f380503d966c7f33287be3322155516a50d27727fde1ad3878f48f60cd6648439126d4b0bbb1a1153ed
  languageName: node
  linkType: hard

"@types/yargs@npm:^16.0.0":
  version: 16.0.4
  resolution: "@types/yargs@npm:16.0.4::__archiveUrl=https%3A%2F%2Fregistry.npmjs.org%2F%40types%2Fyargs%2F-%2Fyargs-16.0.4.tgz"
  dependencies:
    "@types/yargs-parser": "*"
  checksum: caa21d2c957592fe2184a8368c8cbe5a82a6c2e2f2893722e489f842dc5963293d2f3120bc06fe3933d60a3a0d1e2eb269649fd6b1947fe1820f8841ba611dd9
  languageName: node
  linkType: hard

"ansi-regex@npm:^5.0.0":
  version: 5.0.0
  resolution: "ansi-regex@npm:5.0.0::__archiveUrl=https%3A%2F%2Fregistry.npmjs.org%2Fansi-regex%2F-%2Fansi-regex-5.0.0.tgz"
  checksum: b1bb4e992a5d96327bb4f72eaba9f8047f1d808d273ad19d399e266bfcc7fb19a4d1a127a32f7bc61fe46f1a94a4d04ec4c424e3fbe184929aa866323d8ed4ce
  languageName: node
  linkType: hard

"ansi-styles@npm:^3.2.1":
  version: 3.2.1
  resolution: "ansi-styles@npm:3.2.1::__archiveUrl=https%3A%2F%2Fregistry.npmjs.org%2Fansi-styles%2F-%2Fansi-styles-3.2.1.tgz"
  dependencies:
    color-convert: ^1.9.0
  checksum: d85ade01c10e5dd77b6c89f34ed7531da5830d2cb5882c645f330079975b716438cd7ebb81d0d6e6b4f9c577f19ae41ab55f07f19786b02f9dfd9e0377395665
  languageName: node
  linkType: hard

"ansi-styles@npm:^4.0.0, ansi-styles@npm:^4.1.0":
  version: 4.3.0
  resolution: "ansi-styles@npm:4.3.0::__archiveUrl=https%3A%2F%2Fregistry.npmjs.org%2Fansi-styles%2F-%2Fansi-styles-4.3.0.tgz"
  dependencies:
    color-convert: ^2.0.1
  checksum: 513b44c3b2105dd14cc42a19271e80f386466c4be574bccf60b627432f9198571ebf4ab1e4c3ba17347658f4ee1711c163d574248c0c1cdc2d5917a0ad582ec4
  languageName: node
  linkType: hard

"ansi-styles@npm:^5.0.0":
  version: 5.2.0
  resolution: "ansi-styles@npm:5.2.0::__archiveUrl=https%3A%2F%2Fregistry.npmjs.org%2Fansi-styles%2F-%2Fansi-styles-5.2.0.tgz"
  checksum: d7f4e97ce0623aea6bc0d90dcd28881ee04cba06c570b97fd3391bd7a268eedfd9d5e2dd4fdcbdd82b8105df5faf6f24aaedc08eaf3da898e702db5948f63469
  languageName: node
  linkType: hard

"aria-query@npm:^4.2.2":
  version: 4.2.2
  resolution: "aria-query@npm:4.2.2::__archiveUrl=https%3A%2F%2Fregistry.npmjs.org%2Faria-query%2F-%2Faria-query-4.2.2.tgz"
  dependencies:
    "@babel/runtime": ^7.10.2
    "@babel/runtime-corejs3": ^7.10.2
  checksum: 38401a9a400f26f3dcc24b84997461a16b32869a9893d323602bed8da40a8bcc0243b8d2880e942249a1496cea7a7de769e93d21c0baa439f01e1ee936fed665
  languageName: node
  linkType: hard

"button-952a89@workspace:tutorial/element/button":
  version: 0.0.0-use.local
  resolution: "button-952a89@workspace:tutorial/element/button"
  languageName: unknown
  linkType: soft

"chalk@npm:^2.0.0":
  version: 2.4.2
  resolution: "chalk@npm:2.4.2::__archiveUrl=https%3A%2F%2Fregistry.npmjs.org%2Fchalk%2F-%2Fchalk-2.4.2.tgz"
  dependencies:
    ansi-styles: ^3.2.1
    escape-string-regexp: ^1.0.5
    supports-color: ^5.3.0
  checksum: ec3661d38fe77f681200f878edbd9448821924e0f93a9cefc0e26a33b145f1027a2084bf19967160d11e1f03bfe4eaffcabf5493b89098b2782c3fe0b03d80c2
  languageName: node
  linkType: hard

"chalk@npm:^4.0.0, chalk@npm:^4.1.0":
  version: 4.1.2
  resolution: "chalk@npm:4.1.2::__archiveUrl=https%3A%2F%2Fregistry.npmjs.org%2Fchalk%2F-%2Fchalk-4.1.2.tgz"
  dependencies:
    ansi-styles: ^4.1.0
    supports-color: ^7.1.0
  checksum: fe75c9d5c76a7a98d45495b91b2172fa3b7a09e0cc9370e5c8feb1c567b85c4288e2b3fded7cfdd7359ac28d6b3844feb8b82b8686842e93d23c827c417e83fc
  languageName: node
  linkType: hard

"clsx@npm:^1.0.4":
  version: 1.1.1
  resolution: "clsx@npm:1.1.1::__archiveUrl=https%3A%2F%2Fregistry.npmjs.org%2Fclsx%2F-%2Fclsx-1.1.1.tgz"
  checksum: ff052650329773b9b245177305fc4c4dc3129f7b2be84af4f58dc5defa99538c61d4207be7419405a5f8f3d92007c954f4daba5a7b74e563d5de71c28c830063
  languageName: node
  linkType: hard

"color-convert@npm:^1.9.0":
  version: 1.9.3
  resolution: "color-convert@npm:1.9.3::__archiveUrl=https%3A%2F%2Fregistry.npmjs.org%2Fcolor-convert%2F-%2Fcolor-convert-1.9.3.tgz"
  dependencies:
    color-name: 1.1.3
  checksum: fd7a64a17cde98fb923b1dd05c5f2e6f7aefda1b60d67e8d449f9328b4e53b228a428fd38bfeaeb2db2ff6b6503a776a996150b80cdf224062af08a5c8a3a203
  languageName: node
  linkType: hard

"color-convert@npm:^2.0.1":
  version: 2.0.1
  resolution: "color-convert@npm:2.0.1::__archiveUrl=https%3A%2F%2Fregistry.npmjs.org%2Fcolor-convert%2F-%2Fcolor-convert-2.0.1.tgz"
  dependencies:
    color-name: ~1.1.4
  checksum: 79e6bdb9fd479a205c71d89574fccfb22bd9053bd98c6c4d870d65c132e5e904e6034978e55b43d69fcaa7433af2016ee203ce76eeba9cfa554b373e7f7db336
  languageName: node
  linkType: hard

"color-name@npm:1.1.3":
  version: 1.1.3
  resolution: "color-name@npm:1.1.3::__archiveUrl=https%3A%2F%2Fregistry.npmjs.org%2Fcolor-name%2F-%2Fcolor-name-1.1.3.tgz"
  checksum: 09c5d3e33d2105850153b14466501f2bfb30324a2f76568a408763a3b7433b0e50e5b4ab1947868e65cb101bb7cb75029553f2c333b6d4b8138a73fcc133d69d
  languageName: node
  linkType: hard

"color-name@npm:~1.1.4":
  version: 1.1.4
  resolution: "color-name@npm:1.1.4::__archiveUrl=https%3A%2F%2Fregistry.npmjs.org%2Fcolor-name%2F-%2Fcolor-name-1.1.4.tgz"
  checksum: b0445859521eb4021cd0fb0cc1a75cecf67fceecae89b63f62b201cca8d345baf8b952c966862a9d9a2632987d4f6581f0ec8d957dfacece86f0a7919316f610
  languageName: node
  linkType: hard

"core-js-pure@npm:^3.16.0":
  version: 3.17.1
  resolution: "core-js-pure@npm:3.17.1::__archiveUrl=https%3A%2F%2Fregistry.npmjs.org%2Fcore-js-pure%2F-%2Fcore-js-pure-3.17.1.tgz"
  checksum: 6e1da577f73f2f798eb5335eb5322a84fa6fc4c3b809e3d33f0cc951a2b225de5021541b14ea6441c043b9658fc5afb00a388cc68d3ad6f147944b98d246dee0
  languageName: node
  linkType: hard

"core-js@npm:^3.0.0":
  version: 3.17.1
  resolution: "core-js@npm:3.17.1::__archiveUrl=https%3A%2F%2Fregistry.npmjs.org%2Fcore-js%2F-%2Fcore-js-3.17.1.tgz"
  checksum: b5e7040168ab8d17728428f0a914a0e6af0d9e3f5cc968e989a7f663aa0eca5bbd2715a497cc28fdcbcb5ad1582b37543d5d988133fa5908fef04f06d79c0a18
  languageName: node
  linkType: hard

"css-vendor@npm:^2.0.8":
  version: 2.0.8
  resolution: "css-vendor@npm:2.0.8::__archiveUrl=https%3A%2F%2Fregistry.npmjs.org%2Fcss-vendor%2F-%2Fcss-vendor-2.0.8.tgz"
  dependencies:
    "@babel/runtime": ^7.8.3
    is-in-browser: ^1.0.2
  checksum: 647cd4ea5e401c65c59376255aa2b708e92bf84fba9ce2b3ff5ecb94bf51d74ac374052b1cf9956ef7419b8ebf07fcea9a7683d2d2459127b2ca747ab5b98745
  languageName: node
  linkType: hard

"csstype@npm:^2.5.2":
  version: 2.6.17
  resolution: "csstype@npm:2.6.17::__archiveUrl=https%3A%2F%2Fregistry.npmjs.org%2Fcsstype%2F-%2Fcsstype-2.6.17.tgz"
  checksum: 6eee5cf81a4b1b2f0e8707b4accd7504f7cceb4b5a496d58c6e4fcea1a70c1443a975e45d722c892d372ffe788fa278ddfe4d70c5f881375f34e48bb99c70ecc
  languageName: node
  linkType: hard

"csstype@npm:^3.0.2":
  version: 3.0.8
  resolution: "csstype@npm:3.0.8::__archiveUrl=https%3A%2F%2Fregistry.npmjs.org%2Fcsstype%2F-%2Fcsstype-3.0.8.tgz"
  checksum: 5939a003858a31a32cbc52a8f45496aa0c2bcb4629b21c5bc14a7ddcac1a3d4adfd655f56843dc14940f60563378e9444af2c9c373b3f212601b9eeb6740b8db
  languageName: node
  linkType: hard

"diff-sequences@npm:^26.6.2":
  version: 26.6.2
  resolution: "diff-sequences@npm:26.6.2::__archiveUrl=https%3A%2F%2Fregistry.npmjs.org%2Fdiff-sequences%2F-%2Fdiff-sequences-26.6.2.tgz"
  checksum: 79af871776ef149a7ff3345d6b1bf37fe6e81f68632aa5542787851f6f60fba19b0be22fdd1e06046f56ae7382763ccfe94a982c39ee72bd107aef435ecbc0cf
  languageName: node
  linkType: hard

"diff-sequences@npm:^27.0.6":
  version: 27.0.6
  resolution: "diff-sequences@npm:27.0.6::__archiveUrl=https%3A%2F%2Fregistry.npmjs.org%2Fdiff-sequences%2F-%2Fdiff-sequences-27.0.6.tgz"
  checksum: f35ad024d426cd1026d6c98a1f604c41966a0e89712b05a38812fc11e645ff0e915ec17bc8f4b6910fed6df0b309b255aa6c7c77728be452c6dbbfa30aa2067b
  languageName: node
  linkType: hard

"dom-accessibility-api@npm:^0.5.6":
  version: 0.5.7
  resolution: "dom-accessibility-api@npm:0.5.7::__archiveUrl=https%3A%2F%2Fregistry.npmjs.org%2Fdom-accessibility-api%2F-%2Fdom-accessibility-api-0.5.7.tgz"
  checksum: 16161688087510bc31e9103be3a0b0b7d3b044fd4ca03059ac97950f391958008198627c688bd94346757169de91c2500903b14ee9e420c006961a25770b8c62
  languageName: node
  linkType: hard

"dom-helpers@npm:^5.0.1":
  version: 5.2.1
  resolution: "dom-helpers@npm:5.2.1::__archiveUrl=https%3A%2F%2Fregistry.npmjs.org%2Fdom-helpers%2F-%2Fdom-helpers-5.2.1.tgz"
  dependencies:
    "@babel/runtime": ^7.8.7
    csstype: ^3.0.2
  checksum: 863ba9e086f7093df3376b43e74ce4422571d404fc9828bf2c56140963d5edf0e56160f9b2f3bb61b282c07f8fc8134f023c98fd684bddcb12daf7b0f14d951c
  languageName: node
  linkType: hard

"escape-string-regexp@npm:^1.0.5":
  version: 1.0.5
  resolution: "escape-string-regexp@npm:1.0.5::__archiveUrl=https%3A%2F%2Fregistry.npmjs.org%2Fescape-string-regexp%2F-%2Fescape-string-regexp-1.0.5.tgz"
  checksum: 6092fda75c63b110c706b6a9bfde8a612ad595b628f0bd2147eea1d3406723020810e591effc7db1da91d80a71a737a313567c5abb3813e8d9c71f4aa595b410
  languageName: node
  linkType: hard

"has-flag@npm:^3.0.0":
  version: 3.0.0
  resolution: "has-flag@npm:3.0.0::__archiveUrl=https%3A%2F%2Fregistry.npmjs.org%2Fhas-flag%2F-%2Fhas-flag-3.0.0.tgz"
  checksum: 4a15638b454bf086c8148979aae044dd6e39d63904cd452d970374fa6a87623423da485dfb814e7be882e05c096a7ccf1ebd48e7e7501d0208d8384ff4dea73b
  languageName: node
  linkType: hard

"has-flag@npm:^4.0.0":
  version: 4.0.0
  resolution: "has-flag@npm:4.0.0::__archiveUrl=https%3A%2F%2Fregistry.npmjs.org%2Fhas-flag%2F-%2Fhas-flag-4.0.0.tgz"
  checksum: 261a1357037ead75e338156b1f9452c016a37dcd3283a972a30d9e4a87441ba372c8b81f818cd0fbcd9c0354b4ae7e18b9e1afa1971164aef6d18c2b6095a8ad
  languageName: node
  linkType: hard

"hoist-non-react-statics@npm:^3.3.2":
  version: 3.3.2
  resolution: "hoist-non-react-statics@npm:3.3.2::__archiveUrl=https%3A%2F%2Fregistry.npmjs.org%2Fhoist-non-react-statics%2F-%2Fhoist-non-react-statics-3.3.2.tgz"
  dependencies:
    react-is: ^16.7.0
  checksum: b1538270429b13901ee586aa44f4cc3ecd8831c061d06cb8322e50ea17b3f5ce4d0e2e66394761e6c8e152cd8c34fb3b4b690116c6ce2bd45b18c746516cb9e8
  languageName: node
  linkType: hard

"hyphenate-style-name@npm:^1.0.3":
  version: 1.0.4
  resolution: "hyphenate-style-name@npm:1.0.4::__archiveUrl=https%3A%2F%2Fregistry.npmjs.org%2Fhyphenate-style-name%2F-%2Fhyphenate-style-name-1.0.4.tgz"
  checksum: 4f5bf4b055089754924babebaa23c17845937bcca6aee95d5d015f8fa1e6814279002bd6a9e541e3fac2cd02519fc76305396727066c57c8e21a7e73e7a12137
  languageName: node
  linkType: hard

"is-in-browser@npm:^1.0.2, is-in-browser@npm:^1.1.3":
  version: 1.1.3
  resolution: "is-in-browser@npm:1.1.3::__archiveUrl=https%3A%2F%2Fregistry.npmjs.org%2Fis-in-browser%2F-%2Fis-in-browser-1.1.3.tgz"
  checksum: 178491f97f6663c0574565701b76f41633dbe065e4bd8d518ce017a8fa25e5109ecb6a3bd8bd55c0aba11b208f86b9f0f9c91f3664e148ebf618b74a74fcaf09
  languageName: node
  linkType: hard

"jest-diff@npm:^26.0.0":
  version: 26.6.2
  resolution: "jest-diff@npm:26.6.2::__archiveUrl=https%3A%2F%2Fregistry.npmjs.org%2Fjest-diff%2F-%2Fjest-diff-26.6.2.tgz"
  dependencies:
    chalk: ^4.0.0
    diff-sequences: ^26.6.2
    jest-get-type: ^26.3.0
    pretty-format: ^26.6.2
  checksum: d00d297f31e1ac0252127089892432caa7a11c69bde29cf3bb6c7a839c8afdb95cf1fd401f9df16a4422745da2e6a5d94b428b30666a2540c38e1c5699915c2d
  languageName: node
  linkType: hard

"jest-diff@npm:^27.0.0":
  version: 27.1.0
  resolution: "jest-diff@npm:27.1.0::__archiveUrl=https%3A%2F%2Fregistry.npmjs.org%2Fjest-diff%2F-%2Fjest-diff-27.1.0.tgz"
  dependencies:
    chalk: ^4.0.0
    diff-sequences: ^27.0.6
    jest-get-type: ^27.0.6
    pretty-format: ^27.1.0
  checksum: 8475d6daf0e0ab166a647debd9c6c622e2a79fb0c4c98b1158b87bedf3b118ffbf56004020335dad4f45686667f621f6c102f79d1a3b6a20379c01699b8b3adc
  languageName: node
  linkType: hard

"jest-get-type@npm:^26.3.0":
  version: 26.3.0
  resolution: "jest-get-type@npm:26.3.0::__archiveUrl=https%3A%2F%2Fregistry.npmjs.org%2Fjest-get-type%2F-%2Fjest-get-type-26.3.0.tgz"
  checksum: 1cc6465ae4f5e880be22ba52fd270fa64c21994915f81b41f8f7553a7957dd8e077cc8d03035de9412e2d739f8bad6a032ebb5dab5805692a5fb9e20dd4ea666
  languageName: node
  linkType: hard

"jest-get-type@npm:^27.0.6":
  version: 27.0.6
  resolution: "jest-get-type@npm:27.0.6::__archiveUrl=https%3A%2F%2Fregistry.npmjs.org%2Fjest-get-type%2F-%2Fjest-get-type-27.0.6.tgz"
  checksum: 2d4c1381bb5ddb212d80ad00497c7cbb3312358e10b62ac19f1fe5a28ae4af709202bfc235b77ec508970b83fd89945937652d636bcaf88614fa00028a6f3138
  languageName: node
  linkType: hard

"js-tokens@npm:^3.0.0 || ^4.0.0, js-tokens@npm:^4.0.0":
  version: 4.0.0
  resolution: "js-tokens@npm:4.0.0::__archiveUrl=https%3A%2F%2Fregistry.npmjs.org%2Fjs-tokens%2F-%2Fjs-tokens-4.0.0.tgz"
  checksum: 8a95213a5a77deb6cbe94d86340e8d9ace2b93bc367790b260101d2f36a2eaf4e4e22d9fa9cf459b38af3a32fb4190e638024cf82ec95ef708680e405ea7cc78
  languageName: node
  linkType: hard

"jss-plugin-camel-case@npm:^10.5.1":
  version: 10.7.1
  resolution: "jss-plugin-camel-case@npm:10.7.1::__archiveUrl=https%3A%2F%2Fregistry.npmjs.org%2Fjss-plugin-camel-case%2F-%2Fjss-plugin-camel-case-10.7.1.tgz"
  dependencies:
    "@babel/runtime": ^7.3.1
    hyphenate-style-name: ^1.0.3
    jss: 10.7.1
  checksum: 80982ea222dc19a40ccbe661c4aae161c3e27057d904da5a350d1b93ef552ae31c351a5688be8e34b181d78ba874003bed4303969b5becda9d10fd25deb3f0f4
  languageName: node
  linkType: hard

"jss-plugin-default-unit@npm:^10.5.1":
  version: 10.7.1
  resolution: "jss-plugin-default-unit@npm:10.7.1::__archiveUrl=https%3A%2F%2Fregistry.npmjs.org%2Fjss-plugin-default-unit%2F-%2Fjss-plugin-default-unit-10.7.1.tgz"
  dependencies:
    "@babel/runtime": ^7.3.1
    jss: 10.7.1
  checksum: 3021fb27ad89ce6248f50cb85e808c90b11f34611848c32e9e7e07241cea6d179d2d3ead78cae19957cae6f4c4f2bfb8078b4fa0b74765f1e3a0d1021c8496c2
  languageName: node
  linkType: hard

"jss-plugin-global@npm:^10.5.1":
  version: 10.7.1
  resolution: "jss-plugin-global@npm:10.7.1::__archiveUrl=https%3A%2F%2Fregistry.npmjs.org%2Fjss-plugin-global%2F-%2Fjss-plugin-global-10.7.1.tgz"
  dependencies:
    "@babel/runtime": ^7.3.1
    jss: 10.7.1
  checksum: a997be1348cd28a854509b1805925572c70961a31f1c5c90033050eeeaabf02d578ffab64963b8f20f1bcd5d76769b73b97f4353f006a3166e0f15757bcb382d
  languageName: node
  linkType: hard

"jss-plugin-nested@npm:^10.5.1":
  version: 10.7.1
  resolution: "jss-plugin-nested@npm:10.7.1::__archiveUrl=https%3A%2F%2Fregistry.npmjs.org%2Fjss-plugin-nested%2F-%2Fjss-plugin-nested-10.7.1.tgz"
  dependencies:
    "@babel/runtime": ^7.3.1
    jss: 10.7.1
    tiny-warning: ^1.0.2
  checksum: b58e89875fe4647784338dbaec888ab48807c1225e9ca780ca2d5d3fa04dd14bfad99f1554298db455b43ba21d66864b3b92d93974a1eae90059d674365193ad
  languageName: node
  linkType: hard

"jss-plugin-props-sort@npm:^10.5.1":
  version: 10.7.1
  resolution: "jss-plugin-props-sort@npm:10.7.1::__archiveUrl=https%3A%2F%2Fregistry.npmjs.org%2Fjss-plugin-props-sort%2F-%2Fjss-plugin-props-sort-10.7.1.tgz"
  dependencies:
    "@babel/runtime": ^7.3.1
    jss: 10.7.1
  checksum: 87a3fbfe0342dbf5c8eb196d8769d335b148a44297fa571140e8f5a99a8fd8a414d86939b98b2ae3df6a92199685bd3929368b155f24124bad2d0acb13f51096
  languageName: node
  linkType: hard

"jss-plugin-rule-value-function@npm:^10.5.1":
  version: 10.7.1
  resolution: "jss-plugin-rule-value-function@npm:10.7.1::__archiveUrl=https%3A%2F%2Fregistry.npmjs.org%2Fjss-plugin-rule-value-function%2F-%2Fjss-plugin-rule-value-function-10.7.1.tgz"
  dependencies:
    "@babel/runtime": ^7.3.1
    jss: 10.7.1
    tiny-warning: ^1.0.2
  checksum: e08524bf469b69db1b08493792324c725496467d41638c4715c53d58d4ac53db7699c84679391e98fff0f3f1d259fe6acbae84fd257ee60bc20e43f77ef4c8b8
  languageName: node
  linkType: hard

"jss-plugin-vendor-prefixer@npm:^10.5.1":
  version: 10.7.1
  resolution: "jss-plugin-vendor-prefixer@npm:10.7.1::__archiveUrl=https%3A%2F%2Fregistry.npmjs.org%2Fjss-plugin-vendor-prefixer%2F-%2Fjss-plugin-vendor-prefixer-10.7.1.tgz"
  dependencies:
    "@babel/runtime": ^7.3.1
    css-vendor: ^2.0.8
    jss: 10.7.1
  checksum: 3ff3670349951085397a31171615aa92084aaa9ec5d47c3ee1c9ce0355e4fa50813451069d8bf61f3b278a5dce91d55030248ffd36225ae9eeebc512dada3370
  languageName: node
  linkType: hard

"jss@npm:10.7.1, jss@npm:^10.5.1":
  version: 10.7.1
  resolution: "jss@npm:10.7.1::__archiveUrl=https%3A%2F%2Fregistry.npmjs.org%2Fjss%2F-%2Fjss-10.7.1.tgz"
  dependencies:
    "@babel/runtime": ^7.3.1
    csstype: ^3.0.2
    is-in-browser: ^1.1.3
    tiny-warning: ^1.0.2
  checksum: f4603192b88165a9a9c031c96162803422284fcd443b6dabcb1b46f74d3bfe9c3d653054070122518c84d41572cb7624207eebec6f879dfe8b42d108ac683a4e
  languageName: node
  linkType: hard

"loose-envify@npm:^1.1.0, loose-envify@npm:^1.4.0":
  version: 1.4.0
  resolution: "loose-envify@npm:1.4.0::__archiveUrl=https%3A%2F%2Fregistry.npmjs.org%2Floose-envify%2F-%2Floose-envify-1.4.0.tgz"
  dependencies:
    js-tokens: ^3.0.0 || ^4.0.0
  bin:
    loose-envify: cli.js
  checksum: 6517e24e0cad87ec9888f500c5b5947032cdfe6ef65e1c1936a0c48a524b81e65542c9c3edc91c97d5bddc806ee2a985dbc79be89215d613b1de5db6d1cfe6f4
  languageName: node
  linkType: hard

"lz-string@npm:^1.4.4":
  version: 1.4.4
  resolution: "lz-string@npm:1.4.4::__archiveUrl=https%3A%2F%2Fregistry.npmjs.org%2Flz-string%2F-%2Flz-string-1.4.4.tgz"
  bin:
    lz-string: bin/bin.js
  checksum: 54e31238a61a84d8f664d9860a9fba7310c5b97a52c444f80543069bc084815eff40b8d4474ae1d93992fdf6c252dca37cf27f6adbeb4dbc3df2f3ac773d0e61
  languageName: node
  linkType: hard

"object-assign@npm:^4.1.1":
  version: 4.1.1
  resolution: "object-assign@npm:4.1.1::__archiveUrl=https%3A%2F%2Fregistry.npmjs.org%2Fobject-assign%2F-%2Fobject-assign-4.1.1.tgz"
  checksum: fcc6e4ea8c7fe48abfbb552578b1c53e0d194086e2e6bbbf59e0a536381a292f39943c6e9628af05b5528aa5e3318bb30d6b2e53cadaf5b8fe9e12c4b69af23f
  languageName: node
  linkType: hard

"popper.js@npm:1.16.1-lts":
  version: 1.16.1-lts
  resolution: "popper.js@npm:1.16.1-lts::__archiveUrl=https%3A%2F%2Fregistry.npmjs.org%2Fpopper.js%2F-%2Fpopper.js-1.16.1-lts.tgz"
  checksum: 27c00b5b07afa91a5e9f9db78a9a61b50f44ca156d09c851cd29d79cd359e54cfde4288ae555b88801438227e452e56cb4b56bd79fd45ab17dac780a70a7e9ac
  languageName: node
  linkType: hard

"pretty-format@npm:^26.0.0, pretty-format@npm:^26.6.2":
  version: 26.6.2
  resolution: "pretty-format@npm:26.6.2::__archiveUrl=https%3A%2F%2Fregistry.npmjs.org%2Fpretty-format%2F-%2Fpretty-format-26.6.2.tgz"
  dependencies:
    "@jest/types": ^26.6.2
    ansi-regex: ^5.0.0
    ansi-styles: ^4.0.0
    react-is: ^17.0.1
  checksum: e3b808404d7e1519f0df1aa1f25cee0054ab475775c6b2b8c5568ff23194a92d54bf93274139b6f584ca70fd773be4eaa754b0e03f12bb0a8d1426b07f079976
  languageName: node
  linkType: hard

"pretty-format@npm:^27.0.0, pretty-format@npm:^27.0.2, pretty-format@npm:^27.1.0":
  version: 27.1.0
  resolution: "pretty-format@npm:27.1.0::__archiveUrl=https%3A%2F%2Fregistry.npmjs.org%2Fpretty-format%2F-%2Fpretty-format-27.1.0.tgz"
  dependencies:
    "@jest/types": ^27.1.0
    ansi-regex: ^5.0.0
    ansi-styles: ^5.0.0
    react-is: ^17.0.1
  checksum: 2472b03b804c21cb1fde94fb01c4ad6e3395e33d8e339ae0ee3dbca0a212235079c8250b5ccb15aa8700c7107b6bbbaaf7ab0d8246d4cf9092e9467a6e22beda
  languageName: node
  linkType: hard

"prop-types@npm:^15.6.2, prop-types@npm:^15.7.2":
  version: 15.7.2
  resolution: "prop-types@npm:15.7.2::__archiveUrl=https%3A%2F%2Fregistry.npmjs.org%2Fprop-types%2F-%2Fprop-types-15.7.2.tgz"
  dependencies:
    loose-envify: ^1.4.0
    object-assign: ^4.1.1
    react-is: ^16.8.1
  checksum: 5eef82fdda64252c7e75aa5c8cc28a24bbdece0f540adb60ce67c205cf978a5bd56b83e4f269f91c6e4dcfd80b36f2a2dec24d362e278913db2086ca9c6f9430
  languageName: node
  linkType: hard

"react-dom@npm:^16.8.0 || ^17.0.0":
  version: 17.0.2
  resolution: "react-dom@npm:17.0.2::__archiveUrl=https%3A%2F%2Fregistry.npmjs.org%2Freact-dom%2F-%2Freact-dom-17.0.2.tgz"
  dependencies:
    loose-envify: ^1.1.0
    object-assign: ^4.1.1
    scheduler: ^0.20.2
  peerDependencies:
    react: 17.0.2
  checksum: 1c1eaa3bca7c7228d24b70932e3d7c99e70d1d04e13bb0843bbf321582bc25d7961d6b8a6978a58a598af2af496d1cedcfb1bf65f6b0960a0a8161cb8dab743c
  languageName: node
  linkType: hard

"react-is@npm:^16.7.0, react-is@npm:^16.8.1":
  version: 16.13.1
  resolution: "react-is@npm:16.13.1::__archiveUrl=https%3A%2F%2Fregistry.npmjs.org%2Freact-is%2F-%2Freact-is-16.13.1.tgz"
  checksum: f7a19ac3496de32ca9ae12aa030f00f14a3d45374f1ceca0af707c831b2a6098ef0d6bdae51bd437b0a306d7f01d4677fcc8de7c0d331eb47ad0f46130e53c5f
  languageName: node
  linkType: hard

"react-is@npm:^16.8.0 || ^17.0.0, react-is@npm:^17.0.1":
  version: 17.0.2
  resolution: "react-is@npm:17.0.2::__archiveUrl=https%3A%2F%2Fregistry.npmjs.org%2Freact-is%2F-%2Freact-is-17.0.2.tgz"
  checksum: 9d6d111d8990dc98bc5402c1266a808b0459b5d54830bbea24c12d908b536df7883f268a7868cfaedde3dd9d4e0d574db456f84d2e6df9c4526f99bb4b5344d8
  languageName: node
  linkType: hard

"react-transition-group@npm:^4.4.0":
  version: 4.4.2
  resolution: "react-transition-group@npm:4.4.2::__archiveUrl=https%3A%2F%2Fregistry.npmjs.org%2Freact-transition-group%2F-%2Freact-transition-group-4.4.2.tgz"
  dependencies:
    "@babel/runtime": ^7.5.5
    dom-helpers: ^5.0.1
    loose-envify: ^1.4.0
    prop-types: ^15.6.2
  peerDependencies:
    react: ">=16.6.0"
    react-dom: ">=16.6.0"
  checksum: b67bf5b3e86dbab72d658b9a52a3589e5960583ab28c7c66272427d8fe30d4c7de422d5046ae96bd2683cdf80cc3264b2516f5ce80cae1dbe6cf3ca6dda392c5
  languageName: node
  linkType: hard

"react@npm:^16.8.0 || ^17.0.0":
  version: 17.0.2
  resolution: "react@npm:17.0.2::__archiveUrl=https%3A%2F%2Fregistry.npmjs.org%2Freact%2F-%2Freact-17.0.2.tgz"
  dependencies:
    loose-envify: ^1.1.0
    object-assign: ^4.1.1
  checksum: b254cc17ce3011788330f7bbf383ab653c6848902d7936a87b09d835d091e3f295f7e9dd1597c6daac5dc80f90e778c8230218ba8ad599f74adcc11e33b9d61b
  languageName: node
  linkType: hard

"regenerator-runtime@npm:^0.13.4":
  version: 0.13.9
  resolution: "regenerator-runtime@npm:0.13.9::__archiveUrl=https%3A%2F%2Fregistry.npmjs.org%2Fregenerator-runtime%2F-%2Fregenerator-runtime-0.13.9.tgz"
  checksum: 65ed455fe5afd799e2897baf691ca21c2772e1a969d19bb0c4695757c2d96249eb74ee3553ea34a91062b2a676beedf630b4c1551cc6299afb937be1426ec55e
  languageName: node
  linkType: hard

"root-workspace-0b6124@workspace:.":
  version: 0.0.0-use.local
  resolution: "root-workspace-0b6124@workspace:."
  dependencies:
    "@babel/runtime": 7.12.18
    "@material-ui/core": 4.12.3
    "@testing-library/react": 12.0.0
    "@types/jest": ^26.0.0
    "@types/node": 12.20.4
    "@types/react": ^17.0.8
    "@types/react-dom": ^17.0.5
    "@types/testing-library__jest-dom": 5.9.5
    core-js: ^3.0.0
    react: ^16.8.0 || ^17.0.0
    react-dom: ^16.8.0 || ^17.0.0
  peerDependencies:
    react: ^16.8.0 || ^17.0.0
    react-dom: ^16.8.0 || ^17.0.0
  languageName: unknown
  linkType: soft

"scheduler@npm:^0.20.2":
  version: 0.20.2
  resolution: "scheduler@npm:0.20.2::__archiveUrl=https%3A%2F%2Fregistry.npmjs.org%2Fscheduler%2F-%2Fscheduler-0.20.2.tgz"
  dependencies:
    loose-envify: ^1.1.0
    object-assign: ^4.1.1
  checksum: c4b35cf967c8f0d3e65753252d0f260271f81a81e427241295c5a7b783abf4ea9e905f22f815ab66676f5313be0a25f47be582254db8f9241b259213e999b8fc
  languageName: node
  linkType: hard

"supports-color@npm:^5.3.0":
  version: 5.5.0
  resolution: "supports-color@npm:5.5.0::__archiveUrl=https%3A%2F%2Fregistry.npmjs.org%2Fsupports-color%2F-%2Fsupports-color-5.5.0.tgz"
  dependencies:
    has-flag: ^3.0.0
  checksum: 95f6f4ba5afdf92f495b5a912d4abee8dcba766ae719b975c56c084f5004845f6f5a5f7769f52d53f40e21952a6d87411bafe34af4a01e65f9926002e38e1dac
  languageName: node
  linkType: hard

"supports-color@npm:^7.1.0":
  version: 7.2.0
  resolution: "supports-color@npm:7.2.0::__archiveUrl=https%3A%2F%2Fregistry.npmjs.org%2Fsupports-color%2F-%2Fsupports-color-7.2.0.tgz"
  dependencies:
    has-flag: ^4.0.0
  checksum: 3dda818de06ebbe5b9653e07842d9479f3555ebc77e9a0280caf5a14fb877ffee9ed57007c3b78f5a6324b8dbeec648d9e97a24e2ed9fdb81ddc69ea07100f4a
  languageName: node
  linkType: hard

"tiny-warning@npm:^1.0.2":
  version: 1.0.3
  resolution: "tiny-warning@npm:1.0.3::__archiveUrl=https%3A%2F%2Fregistry.npmjs.org%2Ftiny-warning%2F-%2Ftiny-warning-1.0.3.tgz"
  checksum: da62c4acac565902f0624b123eed6dd3509bc9a8d30c06e017104bedcf5d35810da8ff72864400ad19c5c7806fc0a8323c68baf3e326af7cb7d969f846100d71
  languageName: node
  linkType: hard
